
Microsoft Visual Studio Solution File, Format Version 12.00
# Visual Studio 2017
Project("{FAE04EC0-301F-11D3-BF4B-00C04F79EFBC}") = "TestVR_01", "TestVR_01.csproj", "{860D571F-CECD-24B7-8564-220B5F09423C}"
EndProject
Project("{FAE04EC0-301F-11D3-BF4B-00C04F79EFBC}") = "TestVR_01.Editor", "TestVR_01.Editor.csproj", "{FCAE3407-F844-2D62-4ECF-EB4BB50B03B6}"
EndProject
Global
	GlobalSection(SolutionConfigurationPlatforms) = preSolution
		Debug|Any CPU = Debug|Any CPU
		Release|Any CPU = Release|Any CPU
	EndGlobalSection
	GlobalSection(ProjectConfigurationPlatforms) = postSolution
		{860D571F-CECD-24B7-8564-220B5F09423C}.Debug|Any CPU.ActiveCfg = Debug|Any CPU
		{860D571F-CECD-24B7-8564-220B5F09423C}.Debug|Any CPU.Build.0 = Debug|Any CPU
		{860D571F-CECD-24B7-8564-220B5F09423C}.Release|Any CPU.ActiveCfg = Release|Any CPU
		{860D571F-CECD-24B7-8564-220B5F09423C}.Release|Any CPU.Build.0 = Release|Any CPU
		{FCAE3407-F844-2D62-4ECF-EB4BB50B03B6}.Debug|Any CPU.ActiveCfg = Debug|Any CPU
		{FCAE3407-F844-2D62-4ECF-EB4BB50B03B6}.Debug|Any CPU.Build.0 = Debug|Any CPU
		{FCAE3407-F844-2D62-4ECF-EB4BB50B03B6}.Release|Any CPU.ActiveCfg = Release|Any CPU
		{FCAE3407-F844-2D62-4ECF-EB4BB50B03B6}.Release|Any CPU.Build.0 = Release|Any CPU
	EndGlobalSection
	GlobalSection(SolutionProperties) = preSolution
		HideSolutionNode = FALSE
	EndGlobalSection
EndGlobal
